
Microsoft Visual Studio Solution File, Format Version 12.00
# Visual Studio Version 17
VisualStudioVersion = 17.7.34024.191
MinimumVisualStudioVersion = 10.0.40219.1
Project("{8BC9CEB8-8B4A-11D0-8D11-00A0C91BC942}") = "CSecond", "CSecond\CSecond.vcxproj", "{003D9F62-CC47-431D-A1AE-271BE8B35784}"
EndProject
Global
	GlobalSection(SolutionConfigurationPlatforms) = preSolution
		Debug|x64 = Debug|x64
		Debug|x86 = Debug|x86
		Release|x64 = Release|x64
		Release|x86 = Release|x86
	EndGlobalSection
	GlobalSection(ProjectConfigurationPlatforms) = postSolution
		{003D9F62-CC47-431D-A1AE-271BE8B35784}.Debug|x64.ActiveCfg = Debug|x64
		{003D9F62-CC47-431D-A1AE-271BE8B35784}.Debug|x64.Build.0 = Debug|x64
		{003D9F62-CC47-431D-A1AE-271BE8B35784}.Debug|x86.ActiveCfg = Debug|Win32
		{003D9F62-CC47-431D-A1AE-271BE8B35784}.Debug|x86.Build.0 = Debug|Win32
		{003D9F62-CC47-431D-A1AE-271BE8B35784}.Release|x64.ActiveCfg = Release|x64
		{003D9F62-CC47-431D-A1AE-271BE8B35784}.Release|x64.Build.0 = Release|x64
		{003D9F62-CC47-431D-A1AE-271BE8B35784}.Release|x86.ActiveCfg = Release|Win32
		{003D9F62-CC47-431D-A1AE-271BE8B35784}.Release|x86.Build.0 = Release|Win32
	EndGlobalSection
	GlobalSection(SolutionProperties) = preSolution
		HideSolutionNode = FALSE
	EndGlobalSection
	GlobalSection(ExtensibilityGlobals) = postSolution
		SolutionGuid = {CE997D13-0AE5-48FC-B7B3-CAB5AD3CDCBE}
	EndGlobalSection
EndGlobal
